
Microsoft Visual Studio Solution File, Format Version 12.00
# Visual Studio 15
VisualStudioVersion = 15.0.28307.572
MinimumVisualStudioVersion = 10.0.40219.1
Project("{FAE04EC0-301F-11D3-BF4B-00C04F79EFBC}") = "debug", "debug\debug.csproj", "{DE71682D-DF92-4DCD-AA3F-8CAFB1966D94}"
EndProject
Global
	GlobalSection(SolutionConfigurationPlatforms) = preSolution
		Debug|Any CPU = Debug|Any CPU
		Release|Any CPU = Release|Any CPU
	EndGlobalSection
	GlobalSection(ProjectConfigurationPlatforms) = postSolution
		{DE71682D-DF92-4DCD-AA3F-8CAFB1966D94}.Debug|Any CPU.ActiveCfg = Debug|Any CPU
		{DE71682D-DF92-4DCD-AA3F-8CAFB1966D94}.Debug|Any CPU.Build.0 = Debug|Any CPU
		{DE71682D-DF92-4DCD-AA3F-8CAFB1966D94}.Release|Any CPU.ActiveCfg = Release|Any CPU
		{DE71682D-DF92-4DCD-AA3F-8CAFB1966D94}.Release|Any CPU.Build.0 = Release|Any CPU
	EndGlobalSection
	GlobalSection(SolutionProperties) = preSolution
		HideSolutionNode = FALSE
	EndGlobalSection
	GlobalSection(ExtensibilityGlobals) = postSolution
		SolutionGuid = {2A19107C-DE8A-42CA-9B10-CFA7365FFEFC}
	EndGlobalSection
EndGlobal
