
Microsoft Visual Studio Solution File, Format Version 12.00
# Visual Studio 15
VisualStudioVersion = 15.0.28307.705
MinimumVisualStudioVersion = 10.0.40219.1
Project("{FAE04EC0-301F-11D3-BF4B-00C04F79EFBC}") = "P01CountCharsInAString", "P01CountCharsInAString\P01CountCharsInAString.csproj", "{7A1CFDE7-3245-4FF5-AAFC-53B093E86A31}"
EndProject
Project("{FAE04EC0-301F-11D3-BF4B-00C04F79EFBC}") = "P02MinerTask", "P02MinerTask\P02MinerTask.csproj", "{095DD399-CCDE-414A-AFB0-AC575559DAF2}"
EndProject
Project("{FAE04EC0-301F-11D3-BF4B-00C04F79EFBC}") = "P03LegendaryFarming", "P03LegendaryFarming\P03LegendaryFarming.csproj", "{AC4E3A43-8F1B-4993-A00F-D7FD5E96C8CD}"
EndProject
Global
	GlobalSection(SolutionConfigurationPlatforms) = preSolution
		Debug|Any CPU = Debug|Any CPU
		Release|Any CPU = Release|Any CPU
	EndGlobalSection
	GlobalSection(ProjectConfigurationPlatforms) = postSolution
		{7A1CFDE7-3245-4FF5-AAFC-53B093E86A31}.Debug|Any CPU.ActiveCfg = Debug|Any CPU
		{7A1CFDE7-3245-4FF5-AAFC-53B093E86A31}.Debug|Any CPU.Build.0 = Debug|Any CPU
		{7A1CFDE7-3245-4FF5-AAFC-53B093E86A31}.Release|Any CPU.ActiveCfg = Release|Any CPU
		{7A1CFDE7-3245-4FF5-AAFC-53B093E86A31}.Release|Any CPU.Build.0 = Release|Any CPU
		{095DD399-CCDE-414A-AFB0-AC575559DAF2}.Debug|Any CPU.ActiveCfg = Debug|Any CPU
		{095DD399-CCDE-414A-AFB0-AC575559DAF2}.Debug|Any CPU.Build.0 = Debug|Any CPU
		{095DD399-CCDE-414A-AFB0-AC575559DAF2}.Release|Any CPU.ActiveCfg = Release|Any CPU
		{095DD399-CCDE-414A-AFB0-AC575559DAF2}.Release|Any CPU.Build.0 = Release|Any CPU
		{AC4E3A43-8F1B-4993-A00F-D7FD5E96C8CD}.Debug|Any CPU.ActiveCfg = Debug|Any CPU
		{AC4E3A43-8F1B-4993-A00F-D7FD5E96C8CD}.Debug|Any CPU.Build.0 = Debug|Any CPU
		{AC4E3A43-8F1B-4993-A00F-D7FD5E96C8CD}.Release|Any CPU.ActiveCfg = Release|Any CPU
		{AC4E3A43-8F1B-4993-A00F-D7FD5E96C8CD}.Release|Any CPU.Build.0 = Release|Any CPU
	EndGlobalSection
	GlobalSection(SolutionProperties) = preSolution
		HideSolutionNode = FALSE
	EndGlobalSection
	GlobalSection(ExtensibilityGlobals) = postSolution
		SolutionGuid = {3BE297F3-02CD-48EA-8302-CD30D2F009DF}
	EndGlobalSection
EndGlobal
