
Microsoft Visual Studio Solution File, Format Version 12.00
# Visual Studio 15
VisualStudioVersion = 15.0.28307.572
MinimumVisualStudioVersion = 10.0.40219.1
Project("{9A19103F-16F7-4668-BE54-9A1E7A4F7556}") = "P01SignOfIntegerAndNumbers", "LabMethods\P01SignOfIntegerAndNumbers.csproj", "{BB29E38D-F2E8-4147-98FB-F7AAE6B4F688}"
EndProject
Project("{9A19103F-16F7-4668-BE54-9A1E7A4F7556}") = "P02Grades", "P02Grades\P02Grades.csproj", "{2A320CD8-42F5-40AD-8E01-2E4F16D8D45C}"
EndProject
Project("{9A19103F-16F7-4668-BE54-9A1E7A4F7556}") = "P03Calculations", "P03Calculations\P03Calculations.csproj", "{03E677E3-859A-4C78-81B9-2108B6BE11F7}"
EndProject
Project("{9A19103F-16F7-4668-BE54-9A1E7A4F7556}") = "P04PrintingTriangle", "P04PrintingTriangle\P04PrintingTriangle.csproj", "{4B035C11-EA19-4609-9F60-3C5224F1CAD1}"
EndProject
Project("{9A19103F-16F7-4668-BE54-9A1E7A4F7556}") = "P05Orders", "P05Orders\P05Orders.csproj", "{CB1A6F16-1C3A-4641-B022-60E475E6E4C9}"
EndProject
Project("{9A19103F-16F7-4668-BE54-9A1E7A4F7556}") = "P06CalculateRectangleArea", "P06CalculateRectangleArea\P06CalculateRectangleArea.csproj", "{F2A79C34-FC88-4A0D-B319-51278EB5AE7E}"
EndProject
Project("{9A19103F-16F7-4668-BE54-9A1E7A4F7556}") = "P07RepeatString", "P07RepeatString\P07RepeatString.csproj", "{8378B544-4A15-4086-8097-1E6D55EF66CD}"
EndProject
Project("{9A19103F-16F7-4668-BE54-9A1E7A4F7556}") = "P08MathPower", "P08MathPower\P08MathPower.csproj", "{E7CA1491-A0D7-4896-B8A6-11081F359A6F}"
EndProject
Project("{9A19103F-16F7-4668-BE54-9A1E7A4F7556}") = "P09GreaterOfTwoValues", "P09GreaterOfTwoValues\P09GreaterOfTwoValues.csproj", "{DA7D41E1-0A10-4994-921A-6A0ADD524CD9}"
EndProject
Project("{FAE04EC0-301F-11D3-BF4B-00C04F79EFBC}") = "P10MultiplyEvensByOdds", "P10MultiplyEvensByOdds\P10MultiplyEvensByOdds.csproj", "{B3EC9B36-CF04-486A-89DF-F4FFA975B72C}"
EndProject
Global
	GlobalSection(SolutionConfigurationPlatforms) = preSolution
		Debug|Any CPU = Debug|Any CPU
		Release|Any CPU = Release|Any CPU
	EndGlobalSection
	GlobalSection(ProjectConfigurationPlatforms) = postSolution
		{BB29E38D-F2E8-4147-98FB-F7AAE6B4F688}.Debug|Any CPU.ActiveCfg = Debug|Any CPU
		{BB29E38D-F2E8-4147-98FB-F7AAE6B4F688}.Debug|Any CPU.Build.0 = Debug|Any CPU
		{BB29E38D-F2E8-4147-98FB-F7AAE6B4F688}.Release|Any CPU.ActiveCfg = Release|Any CPU
		{BB29E38D-F2E8-4147-98FB-F7AAE6B4F688}.Release|Any CPU.Build.0 = Release|Any CPU
		{2A320CD8-42F5-40AD-8E01-2E4F16D8D45C}.Debug|Any CPU.ActiveCfg = Debug|Any CPU
		{2A320CD8-42F5-40AD-8E01-2E4F16D8D45C}.Debug|Any CPU.Build.0 = Debug|Any CPU
		{2A320CD8-42F5-40AD-8E01-2E4F16D8D45C}.Release|Any CPU.ActiveCfg = Release|Any CPU
		{2A320CD8-42F5-40AD-8E01-2E4F16D8D45C}.Release|Any CPU.Build.0 = Release|Any CPU
		{03E677E3-859A-4C78-81B9-2108B6BE11F7}.Debug|Any CPU.ActiveCfg = Debug|Any CPU
		{03E677E3-859A-4C78-81B9-2108B6BE11F7}.Debug|Any CPU.Build.0 = Debug|Any CPU
		{03E677E3-859A-4C78-81B9-2108B6BE11F7}.Release|Any CPU.ActiveCfg = Release|Any CPU
		{03E677E3-859A-4C78-81B9-2108B6BE11F7}.Release|Any CPU.Build.0 = Release|Any CPU
		{4B035C11-EA19-4609-9F60-3C5224F1CAD1}.Debug|Any CPU.ActiveCfg = Debug|Any CPU
		{4B035C11-EA19-4609-9F60-3C5224F1CAD1}.Debug|Any CPU.Build.0 = Debug|Any CPU
		{4B035C11-EA19-4609-9F60-3C5224F1CAD1}.Release|Any CPU.ActiveCfg = Release|Any CPU
		{4B035C11-EA19-4609-9F60-3C5224F1CAD1}.Release|Any CPU.Build.0 = Release|Any CPU
		{CB1A6F16-1C3A-4641-B022-60E475E6E4C9}.Debug|Any CPU.ActiveCfg = Debug|Any CPU
		{CB1A6F16-1C3A-4641-B022-60E475E6E4C9}.Debug|Any CPU.Build.0 = Debug|Any CPU
		{CB1A6F16-1C3A-4641-B022-60E475E6E4C9}.Release|Any CPU.ActiveCfg = Release|Any CPU
		{CB1A6F16-1C3A-4641-B022-60E475E6E4C9}.Release|Any CPU.Build.0 = Release|Any CPU
		{F2A79C34-FC88-4A0D-B319-51278EB5AE7E}.Debug|Any CPU.ActiveCfg = Debug|Any CPU
		{F2A79C34-FC88-4A0D-B319-51278EB5AE7E}.Debug|Any CPU.Build.0 = Debug|Any CPU
		{F2A79C34-FC88-4A0D-B319-51278EB5AE7E}.Release|Any CPU.ActiveCfg = Release|Any CPU
		{F2A79C34-FC88-4A0D-B319-51278EB5AE7E}.Release|Any CPU.Build.0 = Release|Any CPU
		{8378B544-4A15-4086-8097-1E6D55EF66CD}.Debug|Any CPU.ActiveCfg = Debug|Any CPU
		{8378B544-4A15-4086-8097-1E6D55EF66CD}.Debug|Any CPU.Build.0 = Debug|Any CPU
		{8378B544-4A15-4086-8097-1E6D55EF66CD}.Release|Any CPU.ActiveCfg = Release|Any CPU
		{8378B544-4A15-4086-8097-1E6D55EF66CD}.Release|Any CPU.Build.0 = Release|Any CPU
		{E7CA1491-A0D7-4896-B8A6-11081F359A6F}.Debug|Any CPU.ActiveCfg = Debug|Any CPU
		{E7CA1491-A0D7-4896-B8A6-11081F359A6F}.Debug|Any CPU.Build.0 = Debug|Any CPU
		{E7CA1491-A0D7-4896-B8A6-11081F359A6F}.Release|Any CPU.ActiveCfg = Release|Any CPU
		{E7CA1491-A0D7-4896-B8A6-11081F359A6F}.Release|Any CPU.Build.0 = Release|Any CPU
		{DA7D41E1-0A10-4994-921A-6A0ADD524CD9}.Debug|Any CPU.ActiveCfg = Debug|Any CPU
		{DA7D41E1-0A10-4994-921A-6A0ADD524CD9}.Debug|Any CPU.Build.0 = Debug|Any CPU
		{DA7D41E1-0A10-4994-921A-6A0ADD524CD9}.Release|Any CPU.ActiveCfg = Release|Any CPU
		{DA7D41E1-0A10-4994-921A-6A0ADD524CD9}.Release|Any CPU.Build.0 = Release|Any CPU
		{B3EC9B36-CF04-486A-89DF-F4FFA975B72C}.Debug|Any CPU.ActiveCfg = Debug|Any CPU
		{B3EC9B36-CF04-486A-89DF-F4FFA975B72C}.Debug|Any CPU.Build.0 = Debug|Any CPU
		{B3EC9B36-CF04-486A-89DF-F4FFA975B72C}.Release|Any CPU.ActiveCfg = Release|Any CPU
		{B3EC9B36-CF04-486A-89DF-F4FFA975B72C}.Release|Any CPU.Build.0 = Release|Any CPU
	EndGlobalSection
	GlobalSection(SolutionProperties) = preSolution
		HideSolutionNode = FALSE
	EndGlobalSection
	GlobalSection(ExtensibilityGlobals) = postSolution
		SolutionGuid = {191DA626-A03C-4BE7-99E8-1643DE29E399}
	EndGlobalSection
EndGlobal
