
Microsoft Visual Studio Solution File, Format Version 12.00
# Visual Studio 15
VisualStudioVersion = 15.0.28307.572
MinimumVisualStudioVersion = 10.0.40219.1
Project("{9A19103F-16F7-4668-BE54-9A1E7A4F7556}") = "P01Train", "ArraysLab\P01Train.csproj", "{A41A7028-A007-447F-A6DE-7946546B6CB8}"
EndProject
Project("{9A19103F-16F7-4668-BE54-9A1E7A4F7556}") = "P02CommonElements", "P02CommonElements\P02CommonElements.csproj", "{10C3CD13-8D5C-4B3B-B410-61B938DB67C4}"
EndProject
Project("{9A19103F-16F7-4668-BE54-9A1E7A4F7556}") = "P03ZigZagArrey", "P03ZigZagArrey\P03ZigZagArrey.csproj", "{BC4AAD91-F717-4650-82AC-8EECB5195BA4}"
EndProject
Project("{9A19103F-16F7-4668-BE54-9A1E7A4F7556}") = "P04ArrayRotation", "P04ArrayRotation\P04ArrayRotation.csproj", "{ECD6ED75-1961-4DE7-99AC-6E9A6E9FEEEC}"
EndProject
Project("{9A19103F-16F7-4668-BE54-9A1E7A4F7556}") = "P05TopIntegers", "P05TopIntegers\P05TopIntegers.csproj", "{21E6CE5C-55B6-4647-B75E-4B88E7A95CD9}"
EndProject
Project("{FAE04EC0-301F-11D3-BF4B-00C04F79EFBC}") = "P09KaminoFactory", "P09KaminoFactory\P09KaminoFactory.csproj", "{12903865-C257-4A5F-BE30-78995A8E1A4C}"
EndProject
Global
	GlobalSection(SolutionConfigurationPlatforms) = preSolution
		Debug|Any CPU = Debug|Any CPU
		Release|Any CPU = Release|Any CPU
	EndGlobalSection
	GlobalSection(ProjectConfigurationPlatforms) = postSolution
		{A41A7028-A007-447F-A6DE-7946546B6CB8}.Debug|Any CPU.ActiveCfg = Debug|Any CPU
		{A41A7028-A007-447F-A6DE-7946546B6CB8}.Debug|Any CPU.Build.0 = Debug|Any CPU
		{A41A7028-A007-447F-A6DE-7946546B6CB8}.Release|Any CPU.ActiveCfg = Release|Any CPU
		{A41A7028-A007-447F-A6DE-7946546B6CB8}.Release|Any CPU.Build.0 = Release|Any CPU
		{10C3CD13-8D5C-4B3B-B410-61B938DB67C4}.Debug|Any CPU.ActiveCfg = Debug|Any CPU
		{10C3CD13-8D5C-4B3B-B410-61B938DB67C4}.Debug|Any CPU.Build.0 = Debug|Any CPU
		{10C3CD13-8D5C-4B3B-B410-61B938DB67C4}.Release|Any CPU.ActiveCfg = Release|Any CPU
		{10C3CD13-8D5C-4B3B-B410-61B938DB67C4}.Release|Any CPU.Build.0 = Release|Any CPU
		{BC4AAD91-F717-4650-82AC-8EECB5195BA4}.Debug|Any CPU.ActiveCfg = Debug|Any CPU
		{BC4AAD91-F717-4650-82AC-8EECB5195BA4}.Debug|Any CPU.Build.0 = Debug|Any CPU
		{BC4AAD91-F717-4650-82AC-8EECB5195BA4}.Release|Any CPU.ActiveCfg = Release|Any CPU
		{BC4AAD91-F717-4650-82AC-8EECB5195BA4}.Release|Any CPU.Build.0 = Release|Any CPU
		{ECD6ED75-1961-4DE7-99AC-6E9A6E9FEEEC}.Debug|Any CPU.ActiveCfg = Debug|Any CPU
		{ECD6ED75-1961-4DE7-99AC-6E9A6E9FEEEC}.Debug|Any CPU.Build.0 = Debug|Any CPU
		{ECD6ED75-1961-4DE7-99AC-6E9A6E9FEEEC}.Release|Any CPU.ActiveCfg = Release|Any CPU
		{ECD6ED75-1961-4DE7-99AC-6E9A6E9FEEEC}.Release|Any CPU.Build.0 = Release|Any CPU
		{21E6CE5C-55B6-4647-B75E-4B88E7A95CD9}.Debug|Any CPU.ActiveCfg = Debug|Any CPU
		{21E6CE5C-55B6-4647-B75E-4B88E7A95CD9}.Debug|Any CPU.Build.0 = Debug|Any CPU
		{21E6CE5C-55B6-4647-B75E-4B88E7A95CD9}.Release|Any CPU.ActiveCfg = Release|Any CPU
		{21E6CE5C-55B6-4647-B75E-4B88E7A95CD9}.Release|Any CPU.Build.0 = Release|Any CPU
		{12903865-C257-4A5F-BE30-78995A8E1A4C}.Debug|Any CPU.ActiveCfg = Debug|Any CPU
		{12903865-C257-4A5F-BE30-78995A8E1A4C}.Debug|Any CPU.Build.0 = Debug|Any CPU
		{12903865-C257-4A5F-BE30-78995A8E1A4C}.Release|Any CPU.ActiveCfg = Release|Any CPU
		{12903865-C257-4A5F-BE30-78995A8E1A4C}.Release|Any CPU.Build.0 = Release|Any CPU
	EndGlobalSection
	GlobalSection(SolutionProperties) = preSolution
		HideSolutionNode = FALSE
	EndGlobalSection
	GlobalSection(ExtensibilityGlobals) = postSolution
		SolutionGuid = {D67C4EBA-EE83-4AA9-85C1-88EE27822784}
	EndGlobalSection
EndGlobal
