
Microsoft Visual Studio Solution File, Format Version 12.00
# Visual Studio 15
VisualStudioVersion = 15.0.28307.572
MinimumVisualStudioVersion = 10.0.40219.1
Project("{FAE04EC0-301F-11D3-BF4B-00C04F79EFBC}") = "SpringVacationTrip", "SpringVacationTrip\SpringVacationTrip.csproj", "{F6ED21D6-C07F-4D96-8CD2-E115173BFEF9}"
EndProject
Project("{FAE04EC0-301F-11D3-BF4B-00C04F79EFBC}") = "P02HelloFrance", "P02HelloFrance\P02HelloFrance.csproj", "{A08244E8-3FB4-4DD0-8F4F-716172F3FB22}"
EndProject
Global
	GlobalSection(SolutionConfigurationPlatforms) = preSolution
		Debug|Any CPU = Debug|Any CPU
		Release|Any CPU = Release|Any CPU
	EndGlobalSection
	GlobalSection(ProjectConfigurationPlatforms) = postSolution
		{F6ED21D6-C07F-4D96-8CD2-E115173BFEF9}.Debug|Any CPU.ActiveCfg = Debug|Any CPU
		{F6ED21D6-C07F-4D96-8CD2-E115173BFEF9}.Debug|Any CPU.Build.0 = Debug|Any CPU
		{F6ED21D6-C07F-4D96-8CD2-E115173BFEF9}.Release|Any CPU.ActiveCfg = Release|Any CPU
		{F6ED21D6-C07F-4D96-8CD2-E115173BFEF9}.Release|Any CPU.Build.0 = Release|Any CPU
		{A08244E8-3FB4-4DD0-8F4F-716172F3FB22}.Debug|Any CPU.ActiveCfg = Debug|Any CPU
		{A08244E8-3FB4-4DD0-8F4F-716172F3FB22}.Debug|Any CPU.Build.0 = Debug|Any CPU
		{A08244E8-3FB4-4DD0-8F4F-716172F3FB22}.Release|Any CPU.ActiveCfg = Release|Any CPU
		{A08244E8-3FB4-4DD0-8F4F-716172F3FB22}.Release|Any CPU.Build.0 = Release|Any CPU
	EndGlobalSection
	GlobalSection(SolutionProperties) = preSolution
		HideSolutionNode = FALSE
	EndGlobalSection
	GlobalSection(ExtensibilityGlobals) = postSolution
		SolutionGuid = {B306DE37-ECA1-4290-B831-D6F19D10270D}
	EndGlobalSection
EndGlobal
