
Microsoft Visual Studio Solution File, Format Version 12.00
# Visual Studio 15
VisualStudioVersion = 15.0.28307.572
MinimumVisualStudioVersion = 10.0.40219.1
Project("{FAE04EC0-301F-11D3-BF4B-00C04F79EFBC}") = "whileCycleExercises", "whileCycleExercises\whileCycleExercises.csproj", "{4BE120D0-87AB-4229-B2F4-1E7FB88F009B}"
EndProject
Project("{FAE04EC0-301F-11D3-BF4B-00C04F79EFBC}") = "steps", "steps\steps.csproj", "{C4E317D2-324D-4F5B-814B-27B704ABFF30}"
EndProject
Project("{FAE04EC0-301F-11D3-BF4B-00C04F79EFBC}") = "cake", "cake\cake.csproj", "{64FE2629-D63F-4C25-B666-B47EB2DAD298}"
EndProject
Global
	GlobalSection(SolutionConfigurationPlatforms) = preSolution
		Debug|Any CPU = Debug|Any CPU
		Release|Any CPU = Release|Any CPU
	EndGlobalSection
	GlobalSection(ProjectConfigurationPlatforms) = postSolution
		{4BE120D0-87AB-4229-B2F4-1E7FB88F009B}.Debug|Any CPU.ActiveCfg = Debug|Any CPU
		{4BE120D0-87AB-4229-B2F4-1E7FB88F009B}.Debug|Any CPU.Build.0 = Debug|Any CPU
		{4BE120D0-87AB-4229-B2F4-1E7FB88F009B}.Release|Any CPU.ActiveCfg = Release|Any CPU
		{4BE120D0-87AB-4229-B2F4-1E7FB88F009B}.Release|Any CPU.Build.0 = Release|Any CPU
		{C4E317D2-324D-4F5B-814B-27B704ABFF30}.Debug|Any CPU.ActiveCfg = Debug|Any CPU
		{C4E317D2-324D-4F5B-814B-27B704ABFF30}.Debug|Any CPU.Build.0 = Debug|Any CPU
		{C4E317D2-324D-4F5B-814B-27B704ABFF30}.Release|Any CPU.ActiveCfg = Release|Any CPU
		{C4E317D2-324D-4F5B-814B-27B704ABFF30}.Release|Any CPU.Build.0 = Release|Any CPU
		{64FE2629-D63F-4C25-B666-B47EB2DAD298}.Debug|Any CPU.ActiveCfg = Debug|Any CPU
		{64FE2629-D63F-4C25-B666-B47EB2DAD298}.Debug|Any CPU.Build.0 = Debug|Any CPU
		{64FE2629-D63F-4C25-B666-B47EB2DAD298}.Release|Any CPU.ActiveCfg = Release|Any CPU
		{64FE2629-D63F-4C25-B666-B47EB2DAD298}.Release|Any CPU.Build.0 = Release|Any CPU
	EndGlobalSection
	GlobalSection(SolutionProperties) = preSolution
		HideSolutionNode = FALSE
	EndGlobalSection
	GlobalSection(ExtensibilityGlobals) = postSolution
		SolutionGuid = {9850A421-6393-4D7A-9B0B-D34DFB5E21B8}
	EndGlobalSection
EndGlobal
