
Microsoft Visual Studio Solution File, Format Version 12.00
# Visual Studio 15
VisualStudioVersion = 15.0.28307.572
MinimumVisualStudioVersion = 10.0.40219.1
Project("{FAE04EC0-301F-11D3-BF4B-00C04F79EFBC}") = "forCycle", "forCycle\forCycle.csproj", "{224854CE-2029-45D3-B7ED-F40AA671A4EB}"
EndProject
Project("{FAE04EC0-301F-11D3-BF4B-00C04F79EFBC}") = "latinLetter", "latinLetter\latinLetter.csproj", "{A87C1795-C403-4127-8A3C-EE08F60E952C}"
EndProject
Project("{FAE04EC0-301F-11D3-BF4B-00C04F79EFBC}") = "sumNumbers", "sumNumbers\sumNumbers.csproj", "{2795D0D1-CD26-487C-89DD-68AC0853A03E}"
EndProject
Project("{FAE04EC0-301F-11D3-BF4B-00C04F79EFBC}") = "numberSequence", "numberSequence\numberSequence.csproj", "{248B1531-DB3D-47FA-9CF2-AE067D816217}"
EndProject
Project("{FAE04EC0-301F-11D3-BF4B-00C04F79EFBC}") = "LeftRightSum", "LeftRightSum\LeftRightSum.csproj", "{0081E6D1-10D0-446B-A541-27738401D539}"
EndProject
Project("{FAE04EC0-301F-11D3-BF4B-00C04F79EFBC}") = "oddEvenSum", "oddEvenSum\oddEvenSum.csproj", "{15A551A2-FDAE-4D0C-B13A-120FD46A0053}"
EndProject
Project("{FAE04EC0-301F-11D3-BF4B-00C04F79EFBC}") = "vowelsSum", "vowelsSum\vowelsSum.csproj", "{5504B799-2C1C-4140-A3D8-A312C4F63C8F}"
EndProject
Project("{FAE04EC0-301F-11D3-BF4B-00C04F79EFBC}") = "cleverLili", "cleverLili\cleverLili.csproj", "{4D5415E6-7524-42A1-948B-DBCE32744F9F}"
EndProject
Global
	GlobalSection(SolutionConfigurationPlatforms) = preSolution
		Debug|Any CPU = Debug|Any CPU
		Release|Any CPU = Release|Any CPU
	EndGlobalSection
	GlobalSection(ProjectConfigurationPlatforms) = postSolution
		{224854CE-2029-45D3-B7ED-F40AA671A4EB}.Debug|Any CPU.ActiveCfg = Debug|Any CPU
		{224854CE-2029-45D3-B7ED-F40AA671A4EB}.Debug|Any CPU.Build.0 = Debug|Any CPU
		{224854CE-2029-45D3-B7ED-F40AA671A4EB}.Release|Any CPU.ActiveCfg = Release|Any CPU
		{224854CE-2029-45D3-B7ED-F40AA671A4EB}.Release|Any CPU.Build.0 = Release|Any CPU
		{A87C1795-C403-4127-8A3C-EE08F60E952C}.Debug|Any CPU.ActiveCfg = Debug|Any CPU
		{A87C1795-C403-4127-8A3C-EE08F60E952C}.Debug|Any CPU.Build.0 = Debug|Any CPU
		{A87C1795-C403-4127-8A3C-EE08F60E952C}.Release|Any CPU.ActiveCfg = Release|Any CPU
		{A87C1795-C403-4127-8A3C-EE08F60E952C}.Release|Any CPU.Build.0 = Release|Any CPU
		{2795D0D1-CD26-487C-89DD-68AC0853A03E}.Debug|Any CPU.ActiveCfg = Debug|Any CPU
		{2795D0D1-CD26-487C-89DD-68AC0853A03E}.Debug|Any CPU.Build.0 = Debug|Any CPU
		{2795D0D1-CD26-487C-89DD-68AC0853A03E}.Release|Any CPU.ActiveCfg = Release|Any CPU
		{2795D0D1-CD26-487C-89DD-68AC0853A03E}.Release|Any CPU.Build.0 = Release|Any CPU
		{248B1531-DB3D-47FA-9CF2-AE067D816217}.Debug|Any CPU.ActiveCfg = Debug|Any CPU
		{248B1531-DB3D-47FA-9CF2-AE067D816217}.Debug|Any CPU.Build.0 = Debug|Any CPU
		{248B1531-DB3D-47FA-9CF2-AE067D816217}.Release|Any CPU.ActiveCfg = Release|Any CPU
		{248B1531-DB3D-47FA-9CF2-AE067D816217}.Release|Any CPU.Build.0 = Release|Any CPU
		{0081E6D1-10D0-446B-A541-27738401D539}.Debug|Any CPU.ActiveCfg = Debug|Any CPU
		{0081E6D1-10D0-446B-A541-27738401D539}.Debug|Any CPU.Build.0 = Debug|Any CPU
		{0081E6D1-10D0-446B-A541-27738401D539}.Release|Any CPU.ActiveCfg = Release|Any CPU
		{0081E6D1-10D0-446B-A541-27738401D539}.Release|Any CPU.Build.0 = Release|Any CPU
		{15A551A2-FDAE-4D0C-B13A-120FD46A0053}.Debug|Any CPU.ActiveCfg = Debug|Any CPU
		{15A551A2-FDAE-4D0C-B13A-120FD46A0053}.Debug|Any CPU.Build.0 = Debug|Any CPU
		{15A551A2-FDAE-4D0C-B13A-120FD46A0053}.Release|Any CPU.ActiveCfg = Release|Any CPU
		{15A551A2-FDAE-4D0C-B13A-120FD46A0053}.Release|Any CPU.Build.0 = Release|Any CPU
		{5504B799-2C1C-4140-A3D8-A312C4F63C8F}.Debug|Any CPU.ActiveCfg = Debug|Any CPU
		{5504B799-2C1C-4140-A3D8-A312C4F63C8F}.Debug|Any CPU.Build.0 = Debug|Any CPU
		{5504B799-2C1C-4140-A3D8-A312C4F63C8F}.Release|Any CPU.ActiveCfg = Release|Any CPU
		{5504B799-2C1C-4140-A3D8-A312C4F63C8F}.Release|Any CPU.Build.0 = Release|Any CPU
		{4D5415E6-7524-42A1-948B-DBCE32744F9F}.Debug|Any CPU.ActiveCfg = Debug|Any CPU
		{4D5415E6-7524-42A1-948B-DBCE32744F9F}.Debug|Any CPU.Build.0 = Debug|Any CPU
		{4D5415E6-7524-42A1-948B-DBCE32744F9F}.Release|Any CPU.ActiveCfg = Release|Any CPU
		{4D5415E6-7524-42A1-948B-DBCE32744F9F}.Release|Any CPU.Build.0 = Release|Any CPU
	EndGlobalSection
	GlobalSection(SolutionProperties) = preSolution
		HideSolutionNode = FALSE
	EndGlobalSection
	GlobalSection(ExtensibilityGlobals) = postSolution
		SolutionGuid = {685CA957-D588-47E5-AC34-14B6FC6DB691}
	EndGlobalSection
EndGlobal
