
Microsoft Visual Studio Solution File, Format Version 12.00
# Visual Studio 15
VisualStudioVersion = 15.0.28307.572
MinimumVisualStudioVersion = 10.0.40219.1
Project("{FAE04EC0-301F-11D3-BF4B-00C04F79EFBC}") = "ConsoleApp1", "ConsoleApp1\ConsoleApp1.csproj", "{11F073D7-23E8-4601-B30D-6CE9948C479A}"
EndProject
Global
	GlobalSection(SolutionConfigurationPlatforms) = preSolution
		Debug|Any CPU = Debug|Any CPU
		Release|Any CPU = Release|Any CPU
	EndGlobalSection
	GlobalSection(ProjectConfigurationPlatforms) = postSolution
		{11F073D7-23E8-4601-B30D-6CE9948C479A}.Debug|Any CPU.ActiveCfg = Debug|Any CPU
		{11F073D7-23E8-4601-B30D-6CE9948C479A}.Debug|Any CPU.Build.0 = Debug|Any CPU
		{11F073D7-23E8-4601-B30D-6CE9948C479A}.Release|Any CPU.ActiveCfg = Release|Any CPU
		{11F073D7-23E8-4601-B30D-6CE9948C479A}.Release|Any CPU.Build.0 = Release|Any CPU
	EndGlobalSection
	GlobalSection(SolutionProperties) = preSolution
		HideSolutionNode = FALSE
	EndGlobalSection
	GlobalSection(ExtensibilityGlobals) = postSolution
		SolutionGuid = {2012CF07-6F55-4CB0-86E5-7682C56CB738}
	EndGlobalSection
EndGlobal
