
Microsoft Visual Studio Solution File, Format Version 12.00
# Visual Studio 15
VisualStudioVersion = 15.0.28307.572
MinimumVisualStudioVersion = 10.0.40219.1
Project("{9A19103F-16F7-4668-BE54-9A1E7A4F7556}") = "P01SumAdjacentEqualNumbers", "ConsoleApp1\P01SumAdjacentEqualNumbers.csproj", "{81F8062E-6D57-4980-A2F2-1DF83DF0EE22}"
EndProject
Project("{9A19103F-16F7-4668-BE54-9A1E7A4F7556}") = "P02GaussTrick", "P02GaussTrick\P02GaussTrick.csproj", "{3A11C46A-09AB-44F5-A302-84FB64E66269}"
EndProject
Project("{9A19103F-16F7-4668-BE54-9A1E7A4F7556}") = "P03MergingLists", "P03MergingLists\P03MergingLists.csproj", "{CADA5F35-F9C5-42D2-9D64-E6C6336BAF75}"
EndProject
Project("{9A19103F-16F7-4668-BE54-9A1E7A4F7556}") = "P04ListOfProduts", "P04ListOfProduts\P04ListOfProduts.csproj", "{C3167B71-BF3C-447C-B4EF-95DF0631D848}"
EndProject
Project("{9A19103F-16F7-4668-BE54-9A1E7A4F7556}") = "P05RemoveNegativesAndReverse", "P05RemoveNegativesAndReverse\P05RemoveNegativesAndReverse.csproj", "{6E5D20A7-A0D5-4DF9-8C1A-08342021CBD0}"
EndProject
Project("{9A19103F-16F7-4668-BE54-9A1E7A4F7556}") = "P10SoftUniCoursePlanning", "P10SoftUniCoursePlanning\P10SoftUniCoursePlanning.csproj", "{91A084F8-20A3-40FF-8AD7-75E6105E8085}"
EndProject
Project("{FAE04EC0-301F-11D3-BF4B-00C04F79EFBC}") = "P02CarRace", "P02CarRace\P02CarRace.csproj", "{9E5CD781-F57B-412F-B105-E4A4D5CF3435}"
EndProject
Global
	GlobalSection(SolutionConfigurationPlatforms) = preSolution
		Debug|Any CPU = Debug|Any CPU
		Release|Any CPU = Release|Any CPU
	EndGlobalSection
	GlobalSection(ProjectConfigurationPlatforms) = postSolution
		{81F8062E-6D57-4980-A2F2-1DF83DF0EE22}.Debug|Any CPU.ActiveCfg = Debug|Any CPU
		{81F8062E-6D57-4980-A2F2-1DF83DF0EE22}.Debug|Any CPU.Build.0 = Debug|Any CPU
		{81F8062E-6D57-4980-A2F2-1DF83DF0EE22}.Release|Any CPU.ActiveCfg = Release|Any CPU
		{81F8062E-6D57-4980-A2F2-1DF83DF0EE22}.Release|Any CPU.Build.0 = Release|Any CPU
		{3A11C46A-09AB-44F5-A302-84FB64E66269}.Debug|Any CPU.ActiveCfg = Debug|Any CPU
		{3A11C46A-09AB-44F5-A302-84FB64E66269}.Debug|Any CPU.Build.0 = Debug|Any CPU
		{3A11C46A-09AB-44F5-A302-84FB64E66269}.Release|Any CPU.ActiveCfg = Release|Any CPU
		{3A11C46A-09AB-44F5-A302-84FB64E66269}.Release|Any CPU.Build.0 = Release|Any CPU
		{CADA5F35-F9C5-42D2-9D64-E6C6336BAF75}.Debug|Any CPU.ActiveCfg = Debug|Any CPU
		{CADA5F35-F9C5-42D2-9D64-E6C6336BAF75}.Debug|Any CPU.Build.0 = Debug|Any CPU
		{CADA5F35-F9C5-42D2-9D64-E6C6336BAF75}.Release|Any CPU.ActiveCfg = Release|Any CPU
		{CADA5F35-F9C5-42D2-9D64-E6C6336BAF75}.Release|Any CPU.Build.0 = Release|Any CPU
		{C3167B71-BF3C-447C-B4EF-95DF0631D848}.Debug|Any CPU.ActiveCfg = Debug|Any CPU
		{C3167B71-BF3C-447C-B4EF-95DF0631D848}.Debug|Any CPU.Build.0 = Debug|Any CPU
		{C3167B71-BF3C-447C-B4EF-95DF0631D848}.Release|Any CPU.ActiveCfg = Release|Any CPU
		{C3167B71-BF3C-447C-B4EF-95DF0631D848}.Release|Any CPU.Build.0 = Release|Any CPU
		{6E5D20A7-A0D5-4DF9-8C1A-08342021CBD0}.Debug|Any CPU.ActiveCfg = Debug|Any CPU
		{6E5D20A7-A0D5-4DF9-8C1A-08342021CBD0}.Debug|Any CPU.Build.0 = Debug|Any CPU
		{6E5D20A7-A0D5-4DF9-8C1A-08342021CBD0}.Release|Any CPU.ActiveCfg = Release|Any CPU
		{6E5D20A7-A0D5-4DF9-8C1A-08342021CBD0}.Release|Any CPU.Build.0 = Release|Any CPU
		{91A084F8-20A3-40FF-8AD7-75E6105E8085}.Debug|Any CPU.ActiveCfg = Debug|Any CPU
		{91A084F8-20A3-40FF-8AD7-75E6105E8085}.Debug|Any CPU.Build.0 = Debug|Any CPU
		{91A084F8-20A3-40FF-8AD7-75E6105E8085}.Release|Any CPU.ActiveCfg = Release|Any CPU
		{91A084F8-20A3-40FF-8AD7-75E6105E8085}.Release|Any CPU.Build.0 = Release|Any CPU
		{9E5CD781-F57B-412F-B105-E4A4D5CF3435}.Debug|Any CPU.ActiveCfg = Debug|Any CPU
		{9E5CD781-F57B-412F-B105-E4A4D5CF3435}.Debug|Any CPU.Build.0 = Debug|Any CPU
		{9E5CD781-F57B-412F-B105-E4A4D5CF3435}.Release|Any CPU.ActiveCfg = Release|Any CPU
		{9E5CD781-F57B-412F-B105-E4A4D5CF3435}.Release|Any CPU.Build.0 = Release|Any CPU
	EndGlobalSection
	GlobalSection(SolutionProperties) = preSolution
		HideSolutionNode = FALSE
	EndGlobalSection
	GlobalSection(ExtensibilityGlobals) = postSolution
		SolutionGuid = {F0CF0309-5652-4AFF-869E-B81E6F45BACB}
	EndGlobalSection
EndGlobal
