
Microsoft Visual Studio Solution File, Format Version 12.00
# Visual Studio 15
VisualStudioVersion = 15.0.28307.572
MinimumVisualStudioVersion = 10.0.40219.1
Project("{FAE04EC0-301F-11D3-BF4B-00C04F79EFBC}") = "BoxOfT", "P01BoxOfT\BoxOfT.csproj", "{1ACB93A0-5A1A-4916-BA51-B174E6F42A24}"
EndProject
Project("{FAE04EC0-301F-11D3-BF4B-00C04F79EFBC}") = "GenericArrayCreator", "GenericArrayCreator\GenericArrayCreator.csproj", "{F473565E-1A79-4FE3-B399-0D8BCF27B615}"
EndProject
Project("{FAE04EC0-301F-11D3-BF4B-00C04F79EFBC}") = "GenericScale", "GenericScale\GenericScale.csproj", "{0AD21186-6981-4814-A77C-66DAC2DE23D1}"
EndProject
Global
	GlobalSection(SolutionConfigurationPlatforms) = preSolution
		Debug|Any CPU = Debug|Any CPU
		Release|Any CPU = Release|Any CPU
	EndGlobalSection
	GlobalSection(ProjectConfigurationPlatforms) = postSolution
		{1ACB93A0-5A1A-4916-BA51-B174E6F42A24}.Debug|Any CPU.ActiveCfg = Debug|Any CPU
		{1ACB93A0-5A1A-4916-BA51-B174E6F42A24}.Debug|Any CPU.Build.0 = Debug|Any CPU
		{1ACB93A0-5A1A-4916-BA51-B174E6F42A24}.Release|Any CPU.ActiveCfg = Release|Any CPU
		{1ACB93A0-5A1A-4916-BA51-B174E6F42A24}.Release|Any CPU.Build.0 = Release|Any CPU
		{F473565E-1A79-4FE3-B399-0D8BCF27B615}.Debug|Any CPU.ActiveCfg = Debug|Any CPU
		{F473565E-1A79-4FE3-B399-0D8BCF27B615}.Debug|Any CPU.Build.0 = Debug|Any CPU
		{F473565E-1A79-4FE3-B399-0D8BCF27B615}.Release|Any CPU.ActiveCfg = Release|Any CPU
		{F473565E-1A79-4FE3-B399-0D8BCF27B615}.Release|Any CPU.Build.0 = Release|Any CPU
		{0AD21186-6981-4814-A77C-66DAC2DE23D1}.Debug|Any CPU.ActiveCfg = Debug|Any CPU
		{0AD21186-6981-4814-A77C-66DAC2DE23D1}.Debug|Any CPU.Build.0 = Debug|Any CPU
		{0AD21186-6981-4814-A77C-66DAC2DE23D1}.Release|Any CPU.ActiveCfg = Release|Any CPU
		{0AD21186-6981-4814-A77C-66DAC2DE23D1}.Release|Any CPU.Build.0 = Release|Any CPU
	EndGlobalSection
	GlobalSection(SolutionProperties) = preSolution
		HideSolutionNode = FALSE
	EndGlobalSection
	GlobalSection(ExtensibilityGlobals) = postSolution
		SolutionGuid = {C1FE34FB-457C-4DD7-B17C-ACE4476E9D35}
	EndGlobalSection
EndGlobal
