
Microsoft Visual Studio Solution File, Format Version 12.00
# Visual Studio 15
VisualStudioVersion = 15.0.28307.572
MinimumVisualStudioVersion = 10.0.40219.1
Project("{FAE04EC0-301F-11D3-BF4B-00C04F79EFBC}") = "P04StarEnigma", "P04StarEnigma\P04StarEnigma.csproj", "{78C94F66-0A40-4670-A071-88ECE984817C}"
EndProject
Global
	GlobalSection(SolutionConfigurationPlatforms) = preSolution
		Debug|Any CPU = Debug|Any CPU
		Release|Any CPU = Release|Any CPU
	EndGlobalSection
	GlobalSection(ProjectConfigurationPlatforms) = postSolution
		{78C94F66-0A40-4670-A071-88ECE984817C}.Debug|Any CPU.ActiveCfg = Debug|Any CPU
		{78C94F66-0A40-4670-A071-88ECE984817C}.Debug|Any CPU.Build.0 = Debug|Any CPU
		{78C94F66-0A40-4670-A071-88ECE984817C}.Release|Any CPU.ActiveCfg = Release|Any CPU
		{78C94F66-0A40-4670-A071-88ECE984817C}.Release|Any CPU.Build.0 = Release|Any CPU
	EndGlobalSection
	GlobalSection(SolutionProperties) = preSolution
		HideSolutionNode = FALSE
	EndGlobalSection
	GlobalSection(ExtensibilityGlobals) = postSolution
		SolutionGuid = {5CDA77F1-EDB4-4C22-ABFC-8FFD7FE75B8B}
	EndGlobalSection
EndGlobal
