
Microsoft Visual Studio Solution File, Format Version 12.00
# Visual Studio 15
VisualStudioVersion = 15.0.28307.572
MinimumVisualStudioVersion = 10.0.40219.1
Project("{FAE04EC0-301F-11D3-BF4B-00C04F79EFBC}") = "P08CustomComparator", "P08CustomComparator\P08CustomComparator.csproj", "{4596A9C3-85B4-4A62-8D58-380B6E9A39EB}"
EndProject
Project("{FAE04EC0-301F-11D3-BF4B-00C04F79EFBC}") = "P10PredicateParty", "P10PredicateParty\P10PredicateParty.csproj", "{82E4AE3D-C584-49A1-882E-6C923ECD148C}"
EndProject
Global
	GlobalSection(SolutionConfigurationPlatforms) = preSolution
		Debug|Any CPU = Debug|Any CPU
		Release|Any CPU = Release|Any CPU
	EndGlobalSection
	GlobalSection(ProjectConfigurationPlatforms) = postSolution
		{4596A9C3-85B4-4A62-8D58-380B6E9A39EB}.Debug|Any CPU.ActiveCfg = Debug|Any CPU
		{4596A9C3-85B4-4A62-8D58-380B6E9A39EB}.Debug|Any CPU.Build.0 = Debug|Any CPU
		{4596A9C3-85B4-4A62-8D58-380B6E9A39EB}.Release|Any CPU.ActiveCfg = Release|Any CPU
		{4596A9C3-85B4-4A62-8D58-380B6E9A39EB}.Release|Any CPU.Build.0 = Release|Any CPU
		{82E4AE3D-C584-49A1-882E-6C923ECD148C}.Debug|Any CPU.ActiveCfg = Debug|Any CPU
		{82E4AE3D-C584-49A1-882E-6C923ECD148C}.Debug|Any CPU.Build.0 = Debug|Any CPU
		{82E4AE3D-C584-49A1-882E-6C923ECD148C}.Release|Any CPU.ActiveCfg = Release|Any CPU
		{82E4AE3D-C584-49A1-882E-6C923ECD148C}.Release|Any CPU.Build.0 = Release|Any CPU
	EndGlobalSection
	GlobalSection(SolutionProperties) = preSolution
		HideSolutionNode = FALSE
	EndGlobalSection
	GlobalSection(ExtensibilityGlobals) = postSolution
		SolutionGuid = {72B1373B-BF7B-46A9-A009-484BE2B9D637}
	EndGlobalSection
EndGlobal
